
Microsoft Visual Studio Solution File, Format Version 12.00
# Visual Studio Version 16
VisualStudioVersion = 16.0.29926.136
MinimumVisualStudioVersion = 10.0.40219.1
Project("{FAE04EC0-301F-11D3-BF4B-00C04F79EFBC}") = "AMISystemManagement", "AMISystemManagement\AMISystemManagement.csproj", "{07E9D45E-9331-4D57-8548-5417BAADC47F}"
EndProject
Project("{FAE04EC0-301F-11D3-BF4B-00C04F79EFBC}") = "AMIAgregator", "AMIAgregator\AMIAgregator.csproj", "{6EDD0E97-DE9B-4D36-B4D6-FE784A72F184}"
EndProject
Project("{FAE04EC0-301F-11D3-BF4B-00C04F79EFBC}") = "AMIDevice", "AMIDevice\AMIDevice.csproj", "{019E3FB1-6076-41EA-8A28-B60D355E50CA}"
EndProject
Project("{FAE04EC0-301F-11D3-BF4B-00C04F79EFBC}") = "AMICommon", "AMICommon\AMICommon.csproj", "{5CEB2341-C039-4897-8A7B-D08729A4E166}"
EndProject
Project("{FAE04EC0-301F-11D3-BF4B-00C04F79EFBC}") = "AMICommon2", "AMICommon2\AMICommon2.csproj", "{CBB098B6-6C40-42AB-A55B-A721EFF17BD3}"
EndProject
Project("{2150E333-8FDC-42A3-9474-1A3956D46DE8}") = "Testovi", "Testovi", "{8994ACB8-6D4B-4146-9F73-D604DCA6F240}"
EndProject
Project("{FAE04EC0-301F-11D3-BF4B-00C04F79EFBC}") = "AMICommonTest", "AMICommonTest\AMICommonTest.csproj", "{9D39133F-E5BE-4C47-BCF7-A38AB9CCCDAC}"
EndProject
Project("{FAE04EC0-301F-11D3-BF4B-00C04F79EFBC}") = "AMICommon2Test", "AMICommon2Test\AMICommon2Test.csproj", "{806B4D05-1FF5-44A1-8051-4B2C20BE3CCC}"
EndProject
Project("{FAE04EC0-301F-11D3-BF4B-00C04F79EFBC}") = "AMIDeviceTest", "AMIDeviceTest\AMIDeviceTest.csproj", "{7E8584A4-08DC-4D88-8C0A-9B53664190DF}"
EndProject
Project("{FAE04EC0-301F-11D3-BF4B-00C04F79EFBC}") = "AMIAgregatorTest", "AMIAgregatorTest\AMIAgregatorTest.csproj", "{C5CE5E98-640C-404D-8921-EE27EAF7B2F8}"
EndProject
Project("{FAE04EC0-301F-11D3-BF4B-00C04F79EFBC}") = "AMISystemManagementTest", "AMISystemManagementTest\AMISystemManagementTest.csproj", "{41F3208F-D859-4DDF-9160-54F1E9310963}"
EndProject
Global
	GlobalSection(SolutionConfigurationPlatforms) = preSolution
		Debug|Any CPU = Debug|Any CPU
		Release|Any CPU = Release|Any CPU
	EndGlobalSection
	GlobalSection(ProjectConfigurationPlatforms) = postSolution
		{07E9D45E-9331-4D57-8548-5417BAADC47F}.Debug|Any CPU.ActiveCfg = Debug|Any CPU
		{07E9D45E-9331-4D57-8548-5417BAADC47F}.Debug|Any CPU.Build.0 = Debug|Any CPU
		{07E9D45E-9331-4D57-8548-5417BAADC47F}.Release|Any CPU.ActiveCfg = Release|Any CPU
		{07E9D45E-9331-4D57-8548-5417BAADC47F}.Release|Any CPU.Build.0 = Release|Any CPU
		{6EDD0E97-DE9B-4D36-B4D6-FE784A72F184}.Debug|Any CPU.ActiveCfg = Debug|Any CPU
		{6EDD0E97-DE9B-4D36-B4D6-FE784A72F184}.Debug|Any CPU.Build.0 = Debug|Any CPU
		{6EDD0E97-DE9B-4D36-B4D6-FE784A72F184}.Release|Any CPU.ActiveCfg = Release|Any CPU
		{6EDD0E97-DE9B-4D36-B4D6-FE784A72F184}.Release|Any CPU.Build.0 = Release|Any CPU
		{019E3FB1-6076-41EA-8A28-B60D355E50CA}.Debug|Any CPU.ActiveCfg = Debug|Any CPU
		{019E3FB1-6076-41EA-8A28-B60D355E50CA}.Debug|Any CPU.Build.0 = Debug|Any CPU
		{019E3FB1-6076-41EA-8A28-B60D355E50CA}.Release|Any CPU.ActiveCfg = Release|Any CPU
		{019E3FB1-6076-41EA-8A28-B60D355E50CA}.Release|Any CPU.Build.0 = Release|Any CPU
		{5CEB2341-C039-4897-8A7B-D08729A4E166}.Debug|Any CPU.ActiveCfg = Debug|Any CPU
		{5CEB2341-C039-4897-8A7B-D08729A4E166}.Debug|Any CPU.Build.0 = Debug|Any CPU
		{5CEB2341-C039-4897-8A7B-D08729A4E166}.Release|Any CPU.ActiveCfg = Release|Any CPU
		{5CEB2341-C039-4897-8A7B-D08729A4E166}.Release|Any CPU.Build.0 = Release|Any CPU
		{CBB098B6-6C40-42AB-A55B-A721EFF17BD3}.Debug|Any CPU.ActiveCfg = Debug|Any CPU
		{CBB098B6-6C40-42AB-A55B-A721EFF17BD3}.Debug|Any CPU.Build.0 = Debug|Any CPU
		{CBB098B6-6C40-42AB-A55B-A721EFF17BD3}.Release|Any CPU.ActiveCfg = Release|Any CPU
		{CBB098B6-6C40-42AB-A55B-A721EFF17BD3}.Release|Any CPU.Build.0 = Release|Any CPU
		{9D39133F-E5BE-4C47-BCF7-A38AB9CCCDAC}.Debug|Any CPU.ActiveCfg = Debug|Any CPU
		{9D39133F-E5BE-4C47-BCF7-A38AB9CCCDAC}.Debug|Any CPU.Build.0 = Debug|Any CPU
		{9D39133F-E5BE-4C47-BCF7-A38AB9CCCDAC}.Release|Any CPU.ActiveCfg = Release|Any CPU
		{9D39133F-E5BE-4C47-BCF7-A38AB9CCCDAC}.Release|Any CPU.Build.0 = Release|Any CPU
		{806B4D05-1FF5-44A1-8051-4B2C20BE3CCC}.Debug|Any CPU.ActiveCfg = Debug|Any CPU
		{806B4D05-1FF5-44A1-8051-4B2C20BE3CCC}.Debug|Any CPU.Build.0 = Debug|Any CPU
		{806B4D05-1FF5-44A1-8051-4B2C20BE3CCC}.Release|Any CPU.ActiveCfg = Release|Any CPU
		{806B4D05-1FF5-44A1-8051-4B2C20BE3CCC}.Release|Any CPU.Build.0 = Release|Any CPU
		{7E8584A4-08DC-4D88-8C0A-9B53664190DF}.Debug|Any CPU.ActiveCfg = Debug|Any CPU
		{7E8584A4-08DC-4D88-8C0A-9B53664190DF}.Debug|Any CPU.Build.0 = Debug|Any CPU
		{7E8584A4-08DC-4D88-8C0A-9B53664190DF}.Release|Any CPU.ActiveCfg = Release|Any CPU
		{7E8584A4-08DC-4D88-8C0A-9B53664190DF}.Release|Any CPU.Build.0 = Release|Any CPU
		{C5CE5E98-640C-404D-8921-EE27EAF7B2F8}.Debug|Any CPU.ActiveCfg = Debug|Any CPU
		{C5CE5E98-640C-404D-8921-EE27EAF7B2F8}.Debug|Any CPU.Build.0 = Debug|Any CPU
		{C5CE5E98-640C-404D-8921-EE27EAF7B2F8}.Release|Any CPU.ActiveCfg = Release|Any CPU
		{C5CE5E98-640C-404D-8921-EE27EAF7B2F8}.Release|Any CPU.Build.0 = Release|Any CPU
		{41F3208F-D859-4DDF-9160-54F1E9310963}.Debug|Any CPU.ActiveCfg = Debug|Any CPU
		{41F3208F-D859-4DDF-9160-54F1E9310963}.Debug|Any CPU.Build.0 = Debug|Any CPU
		{41F3208F-D859-4DDF-9160-54F1E9310963}.Release|Any CPU.ActiveCfg = Release|Any CPU
		{41F3208F-D859-4DDF-9160-54F1E9310963}.Release|Any CPU.Build.0 = Release|Any CPU
	EndGlobalSection
	GlobalSection(SolutionProperties) = preSolution
		HideSolutionNode = FALSE
	EndGlobalSection
	GlobalSection(NestedProjects) = preSolution
		{9D39133F-E5BE-4C47-BCF7-A38AB9CCCDAC} = {8994ACB8-6D4B-4146-9F73-D604DCA6F240}
		{806B4D05-1FF5-44A1-8051-4B2C20BE3CCC} = {8994ACB8-6D4B-4146-9F73-D604DCA6F240}
		{7E8584A4-08DC-4D88-8C0A-9B53664190DF} = {8994ACB8-6D4B-4146-9F73-D604DCA6F240}
		{C5CE5E98-640C-404D-8921-EE27EAF7B2F8} = {8994ACB8-6D4B-4146-9F73-D604DCA6F240}
		{41F3208F-D859-4DDF-9160-54F1E9310963} = {8994ACB8-6D4B-4146-9F73-D604DCA6F240}
	EndGlobalSection
	GlobalSection(ExtensibilityGlobals) = postSolution
		SolutionGuid = {B36E3849-6AD4-4BAE-9198-3C1A88E0A4E7}
	EndGlobalSection
EndGlobal
